// !$*UTF8*$!
{
	archiveVersion = 1;
	classes = {
	};
	objectVersion = 55;
	objects = {

/* Begin PBXBuildFile section */
		C110AA212900C6CD00CBFB9A /* AppDelegate.swift in Sources */ = {isa = PBXBuildFile; fileRef = C110AA202900C6CD00CBFB9A /* AppDelegate.swift */; };
		C110AA232900C6CD00CBFB9A /* SceneDelegate.swift in Sources */ = {isa = PBXBuildFile; fileRef = C110AA222900C6CD00CBFB9A /* SceneDelegate.swift */; };
		C110AA252900C6CD00CBFB9A /* RootViewController.swift in Sources */ = {isa = PBXBuildFile; fileRef = C110AA242900C6CD00CBFB9A /* RootViewController.swift */; };
		C110AA282900C6CD00CBFB9A /* Main.storyboard in Resources */ = {isa = PBXBuildFile; fileRef = C110AA262900C6CD00CBFB9A /* Main.storyboard */; };
		C110AA2A2900C6CE00CBFB9A /* Assets.xcassets in Resources */ = {isa = PBXBuildFile; fileRef = C110AA292900C6CE00CBFB9A /* Assets.xcassets */; };
		C110AA2D2900C6CE00CBFB9A /* LaunchScreen.storyboard in Resources */ = {isa = PBXBuildFile; fileRef = C110AA2B2900C6CE00CBFB9A /* LaunchScreen.storyboard */; };
		C110AA372900CB5600CBFB9A /* QuotesTableViewController.swift in Sources */ = {isa = PBXBuildFile; fileRef = C110AA362900CB5600CBFB9A /* QuotesTableViewController.swift */; };
		C110AA3E2900CDD600CBFB9A /* Quote.swift in Sources */ = {isa = PBXBuildFile; fileRef = C110AA3D2900CDD600CBFB9A /* Quote.swift */; };
/* End PBXBuildFile section */

/* Begin PBXFileReference section */
		C110AA1D2900C6CD00CBFB9A /* EntrepreneurQuotes.app */ = {isa = PBXFileReference; explicitFileType = wrapper.application; includeInIndex = 0; path = EntrepreneurQuotes.app; sourceTree = BUILT_PRODUCTS_DIR; };
		C110AA202900C6CD00CBFB9A /* AppDelegate.swift */ = {isa = PBXFileReference; lastKnownFileType = sourcecode.swift; path = AppDelegate.swift; sourceTree = "<group>"; };
		C110AA222900C6CD00CBFB9A /* SceneDelegate.swift */ = {isa = PBXFileReference; lastKnownFileType = sourcecode.swift; path = SceneDelegate.swift; sourceTree = "<group>"; };
		C110AA242900C6CD00CBFB9A /* RootViewController.swift */ = {isa = PBXFileReference; lastKnownFileType = sourcecode.swift; path = RootViewController.swift; sourceTree = "<group>"; };
		C110AA272900C6CD00CBFB9A /* Base */ = {isa = PBXFileReference; lastKnownFileType = file.storyboard; name = Base; path = Base.lproj/Main.storyboard; sourceTree = "<group>"; };
		C110AA292900C6CE00CBFB9A /* Assets.xcassets */ = {isa = PBXFileReference; lastKnownFileType = folder.assetcatalog; path = Assets.xcassets; sourceTree = "<group>"; };
		C110AA2C2900C6CE00CBFB9A /* Base */ = {isa = PBXFileReference; lastKnownFileType = file.storyboard; name = Base; path = Base.lproj/LaunchScreen.storyboard; sourceTree = "<group>"; };
		C110AA2E2900C6CE00CBFB9A /* Info.plist */ = {isa = PBXFileReference; lastKnownFileType = text.plist.xml; path = Info.plist; sourceTree = "<group>"; };
		C110AA362900CB5600CBFB9A /* QuotesTableViewController.swift */ = {isa = PBXFileReference; lastKnownFileType = sourcecode.swift; path = QuotesTableViewController.swift; sourceTree = "<group>"; };
		C110AA3D2900CDD600CBFB9A /* Quote.swift */ = {isa = PBXFileReference; lastKnownFileType = sourcecode.swift; path = Quote.swift; sourceTree = "<group>"; };
/* End PBXFileReference section */

/* Begin PBXFrameworksBuildPhase section */
		C110AA1A2900C6CD00CBFB9A /* Frameworks */ = {
			isa = PBXFrameworksBuildPhase;
			buildActionMask = 2147483647;
			files = (
			);
			runOnlyForDeploymentPostprocessing = 0;
		};
/* End PBXFrameworksBuildPhase section */

/* Begin PBXGroup section */
		C110AA142900C6CD00CBFB9A = {
			isa = PBXGroup;
			children = (
				C110AA1F2900C6CD00CBFB9A /* EntrepreneurQuotes */,
				C110AA1E2900C6CD00CBFB9A /* Products */,
			);
			sourceTree = "<group>";
		};
		C110AA1E2900C6CD00CBFB9A /* Products */ = {
			isa = PBXGroup;
			children = (
				C110AA1D2900C6CD00CBFB9A /* EntrepreneurQuotes.app */,
			);
			name = Products;
			sourceTree = "<group>";
		};
		C110AA1F2900C6CD00CBFB9A /* EntrepreneurQuotes */ = {
			isa = PBXGroup;
			children = (
				C110AA3C2900CDCC00CBFB9A /* Models */,
				C110AA342900CB2900CBFB9A /* RootViewController */,
				C110AA352900CB3500CBFB9A /* QuotesTableViewController */,
				C110AA382900CCD000CBFB9A /* Storyboards */,
				C110AA3B2900CCFA00CBFB9A /* Supporting Files */,
				C110AA3A2900CCF100CBFB9A /* Resources */,
				C110AA392900CCE500CBFB9A /* Delegates */,
			);
			path = EntrepreneurQuotes;
			sourceTree = "<group>";
		};
		C110AA342900CB2900CBFB9A /* RootViewController */ = {
			isa = PBXGroup;
			children = (
				C110AA242900C6CD00CBFB9A /* RootViewController.swift */,
			);
			path = RootViewController;
			sourceTree = "<group>";
		};
		C110AA352900CB3500CBFB9A /* QuotesTableViewController */ = {
			isa = PBXGroup;
			children = (
				C110AA362900CB5600CBFB9A /* QuotesTableViewController.swift */,
			);
			path = QuotesTableViewController;
			sourceTree = "<group>";
		};
		C110AA382900CCD000CBFB9A /* Storyboards */ = {
			isa = PBXGroup;
			children = (
				C110AA262900C6CD00CBFB9A /* Main.storyboard */,
				C110AA2B2900C6CE00CBFB9A /* LaunchScreen.storyboard */,
			);
			path = Storyboards;
			sourceTree = "<group>";
		};
		C110AA392900CCE500CBFB9A /* Delegates */ = {
			isa = PBXGroup;
			children = (
				C110AA202900C6CD00CBFB9A /* AppDelegate.swift */,
				C110AA222900C6CD00CBFB9A /* SceneDelegate.swift */,
			);
			path = Delegates;
			sourceTree = "<group>";
		};
		C110AA3A2900CCF100CBFB9A /* Resources */ = {
			isa = PBXGroup;
			children = (
				C110AA292900C6CE00CBFB9A /* Assets.xcassets */,
			);
			path = Resources;
			sourceTree = "<group>";
		};
		C110AA3B2900CCFA00CBFB9A /* Supporting Files */ = {
			isa = PBXGroup;
			children = (
				C110AA2E2900C6CE00CBFB9A /* Info.plist */,
			);
			path = "Supporting Files";
			sourceTree = "<group>";
		};
		C110AA3C2900CDCC00CBFB9A /* Models */ = {
			isa = PBXGroup;
			children = (
				C110AA3D2900CDD600CBFB9A /* Quote.swift */,
			);
			path = Models;
			sourceTree = "<group>";
		};
/* End PBXGroup section */

/* Begin PBXNativeTarget section */
		C110AA1C2900C6CD00CBFB9A /* EntrepreneurQuotes */ = {
			isa = PBXNativeTarget;
			buildConfigurationList = C110AA312900C6CE00CBFB9A /* Build configuration list for PBXNativeTarget "EntrepreneurQuotes" */;
			buildPhases = (
				C110AA192900C6CD00CBFB9A /* Sources */,
				C110AA1A2900C6CD00CBFB9A /* Frameworks */,
				C110AA1B2900C6CD00CBFB9A /* Resources */,
			);
			buildRules = (
			);
			dependencies = (
			);
			name = EntrepreneurQuotes;
			productName = EntrepreneurQuotes;
			productReference = C110AA1D2900C6CD00CBFB9A /* EntrepreneurQuotes.app */;
			productType = "com.apple.product-type.application";
		};
/* End PBXNativeTarget section */

/* Begin PBXProject section */
		C110AA152900C6CD00CBFB9A /* Project object */ = {
			isa = PBXProject;
			attributes = {
				BuildIndependentTargetsInParallel = 1;
				LastSwiftUpdateCheck = 1340;
				LastUpgradeCheck = 1340;
				TargetAttributes = {
					C110AA1C2900C6CD00CBFB9A = {
						CreatedOnToolsVersion = 13.4.1;
					};
				};
			};
			buildConfigurationList = C110AA182900C6CD00CBFB9A /* Build configuration list for PBXProject "EntrepreneurQuotes" */;
			compatibilityVersion = "Xcode 13.0";
			developmentRegion = en;
			hasScannedForEncodings = 0;
			knownRegions = (
				en,
				Base,
			);
			mainGroup = C110AA142900C6CD00CBFB9A;
			productRefGroup = C110AA1E2900C6CD00CBFB9A /* Products */;
			projectDirPath = "";
			projectRoot = "";
			targets = (
				C110AA1C2900C6CD00CBFB9A /* EntrepreneurQuotes */,
			);
		};
/* End PBXProject section */

/* Begin PBXResourcesBuildPhase section */
		C110AA1B2900C6CD00CBFB9A /* Resources */ = {
			isa = PBXResourcesBuildPhase;
			buildActionMask = 2147483647;
			files = (
				C110AA2D2900C6CE00CBFB9A /* LaunchScreen.storyboard in Resources */,
				C110AA2A2900C6CE00CBFB9A /* Assets.xcassets in Resources */,
				C110AA282900C6CD00CBFB9A /* Main.storyboard in Resources */,
			);
			runOnlyForDeploymentPostprocessing = 0;
		};
/* End PBXResourcesBuildPhase section */

/* Begin PBXSourcesBuildPhase section */
		C110AA192900C6CD00CBFB9A /* Sources */ = {
			isa = PBXSourcesBuildPhase;
			buildActionMask = 2147483647;
			files = (
				C110AA3E2900CDD600CBFB9A /* Quote.swift in Sources */,
				C110AA252900C6CD00CBFB9A /* RootViewController.swift in Sources */,
				C110AA212900C6CD00CBFB9A /* AppDelegate.swift in Sources */,
				C110AA372900CB5600CBFB9A /* QuotesTableViewController.swift in Sources */,
				C110AA232900C6CD00CBFB9A /* SceneDelegate.swift in Sources */,
			);
			runOnlyForDeploymentPostprocessing = 0;
		};
/* End PBXSourcesBuildPhase section */

/* Begin PBXVariantGroup section */
		C110AA262900C6CD00CBFB9A /* Main.storyboard */ = {
			isa = PBXVariantGroup;
			children = (
				C110AA272900C6CD00CBFB9A /* Base */,
			);
			name = Main.storyboard;
			sourceTree = "<group>";
		};
		C110AA2B2900C6CE00CBFB9A /* LaunchScreen.storyboard */ = {
			isa = PBXVariantGroup;
			children = (
				C110AA2C2900C6CE00CBFB9A /* Base */,
			);
			name = LaunchScreen.storyboard;
			sourceTree = "<group>";
		};
/* End PBXVariantGroup section */

/* Begin XCBuildConfiguration section */
		C110AA2F2900C6CE00CBFB9A /* Debug */ = {
			isa = XCBuildConfiguration;
			buildSettings = {
				ALWAYS_SEARCH_USER_PATHS = NO;
				CLANG_ANALYZER_NONNULL = YES;
				CLANG_ANALYZER_NUMBER_OBJECT_CONVERSION = YES_AGGRESSIVE;
				CLANG_CXX_LANGUAGE_STANDARD = "gnu++17";
				CLANG_ENABLE_MODULES = YES;
				CLANG_ENABLE_OBJC_ARC = YES;
				CLANG_ENABLE_OBJC_WEAK = YES;
				CLANG_WARN_BLOCK_CAPTURE_AUTORELEASING = YES;
				CLANG_WARN_BOOL_CONVERSION = YES;
				CLANG_WARN_COMMA = YES;
				CLANG_WARN_CONSTANT_CONVERSION = YES;
				CLANG_WARN_DEPRECATED_OBJC_IMPLEMENTATIONS = YES;
				CLANG_WARN_DIRECT_OBJC_ISA_USAGE = YES_ERROR;
				CLANG_WARN_DOCUMENTATION_COMMENTS = YES;
				CLANG_WARN_EMPTY_BODY = YES;
				CLANG_WARN_ENUM_CONVERSION = YES;
				CLANG_WARN_INFINITE_RECURSION = YES;
				CLANG_WARN_INT_CONVERSION = YES;
				CLANG_WARN_NON_LITERAL_NULL_CONVERSION = YES;
				CLANG_WARN_OBJC_IMPLICIT_RETAIN_SELF = YES;
				CLANG_WARN_OBJC_LITERAL_CONVERSION = YES;
				CLANG_WARN_OBJC_ROOT_CLASS = YES_ERROR;
				CLANG_WARN_QUOTED_INCLUDE_IN_FRAMEWORK_HEADER = YES;
				CLANG_WARN_RANGE_LOOP_ANALYSIS = YES;
				CLANG_WARN_STRICT_PROTOTYPES = YES;
				CLANG_WARN_SUSPICIOUS_MOVE = YES;
				CLANG_WARN_UNGUARDED_AVAILABILITY = YES_AGGRESSIVE;
				CLANG_WARN_UNREACHABLE_CODE = YES;
				CLANG_WARN__DUPLICATE_METHOD_MATCH = YES;
				COPY_PHASE_STRIP = NO;
				DEBUG_INFORMATION_FORMAT = dwarf;
				ENABLE_STRICT_OBJC_MSGSEND = YES;
				ENABLE_TESTABILITY = YES;
				GCC_C_LANGUAGE_STANDARD = gnu11;
				GCC_DYNAMIC_NO_PIC = NO;
				GCC_NO_COMMON_BLOCKS = YES;
				GCC_OPTIMIZATION_LEVEL = 0;
				GCC_PREPROCESSOR_DEFINITIONS = (
					"DEBUG=1",
					"$(inherited)",
				);
				GCC_WARN_64_TO_32_BIT_CONVERSION = YES;
				GCC_WARN_ABOUT_RETURN_TYPE = YES_ERROR;
				GCC_WARN_UNDECLARED_SELECTOR = YES;
				GCC_WARN_UNINITIALIZED_AUTOS = YES_AGGRESSIVE;
				GCC_WARN_UNUSED_FUNCTION = YES;
				GCC_WARN_UNUSED_VARIABLE = YES;
				IPHONEOS_DEPLOYMENT_TARGET = 15.5;
				MTL_ENABLE_DEBUG_INFO = INCLUDE_SOURCE;
				MTL_FAST_MATH = YES;
				ONLY_ACTIVE_ARCH = YES;
				SDKROOT = iphoneos;
				SWIFT_ACTIVE_COMPILATION_CONDITIONS = DEBUG;
				SWIFT_OPTIMIZATION_LEVEL = "-Onone";
			};
			name = Debug;
		};
		C110AA302900C6CE00CBFB9A /* Release */ = {
			isa = XCBuildConfiguration;
			buildSettings = {
				ALWAYS_SEARCH_USER_PATHS = NO;
				CLANG_ANALYZER_NONNULL = YES;
				CLANG_ANALYZER_NUMBER_OBJECT_CONVERSION = YES_AGGRESSIVE;
				CLANG_CXX_LANGUAGE_STANDARD = "gnu++17";
				CLANG_ENABLE_MODULES = YES;
				CLANG_ENABLE_OBJC_ARC = YES;
				CLANG_ENABLE_OBJC_WEAK = YES;
				CLANG_WARN_BLOCK_CAPTURE_AUTORELEASING = YES;
				CLANG_WARN_BOOL_CONVERSION = YES;
				CLANG_WARN_COMMA = YES;
				CLANG_WARN_CONSTANT_CONVERSION = YES;
				CLANG_WARN_DEPRECATED_OBJC_IMPLEMENTATIONS = YES;
				CLANG_WARN_DIRECT_OBJC_ISA_USAGE = YES_ERROR;
				CLANG_WARN_DOCUMENTATION_COMMENTS = YES;
				CLANG_WARN_EMPTY_BODY = YES;
				CLANG_WARN_ENUM_CONVERSION = YES;
				CLANG_WARN_INFINITE_RECURSION = YES;
				CLANG_WARN_INT_CONVERSION = YES;
				CLANG_WARN_NON_LITERAL_NULL_CONVERSION = YES;
				CLANG_WARN_OBJC_IMPLICIT_RETAIN_SELF = YES;
				CLANG_WARN_OBJC_LITERAL_CONVERSION = YES;
				CLANG_WARN_OBJC_ROOT_CLASS = YES_ERROR;
				CLANG_WARN_QUOTED_INCLUDE_IN_FRAMEWORK_HEADER = YES;
				CLANG_WARN_RANGE_LOOP_ANALYSIS = YES;
				CLANG_WARN_STRICT_PROTOTYPES = YES;
				CLANG_WARN_SUSPICIOUS_MOVE = YES;
				CLANG_WARN_UNGUARDED_AVAILABILITY = YES_AGGRESSIVE;
				CLANG_WARN_UNREACHABLE_CODE = YES;
				CLANG_WARN__DUPLICATE_METHOD_MATCH = YES;
				COPY_PHASE_STRIP = NO;
				DEBUG_INFORMATION_FORMAT = "dwarf-with-dsym";
				ENABLE_NS_ASSERTIONS = NO;
				ENABLE_STRICT_OBJC_MSGSEND = YES;
				GCC_C_LANGUAGE_STANDARD = gnu11;
				GCC_NO_COMMON_BLOCKS = YES;
				GCC_WARN_64_TO_32_BIT_CONVERSION = YES;
				GCC_WARN_ABOUT_RETURN_TYPE = YES_ERROR;
				GCC_WARN_UNDECLARED_SELECTOR = YES;
				GCC_WARN_UNINITIALIZED_AUTOS = YES_AGGRESSIVE;
				GCC_WARN_UNUSED_FUNCTION = YES;
				GCC_WARN_UNUSED_VARIABLE = YES;
				IPHONEOS_DEPLOYMENT_TARGET = 15.5;
				MTL_ENABLE_DEBUG_INFO = NO;
				MTL_FAST_MATH = YES;
				SDKROOT = iphoneos;
				SWIFT_COMPILATION_MODE = wholemodule;
				SWIFT_OPTIMIZATION_LEVEL = "-O";
				VALIDATE_PRODUCT = YES;
			};
			name = Release;
		};
		C110AA322900C6CE00CBFB9A /* Debug */ = {
			isa = XCBuildConfiguration;
			buildSettings = {
				ASSETCATALOG_COMPILER_APPICON_NAME = AppIcon;
				ASSETCATALOG_COMPILER_GLOBAL_ACCENT_COLOR_NAME = AccentColor;
				CODE_SIGN_STYLE = Automatic;
				CURRENT_PROJECT_VERSION = 1;
				DEVELOPMENT_TEAM = 4FT83F7673;
				GENERATE_INFOPLIST_FILE = YES;
				INFOPLIST_FILE = "EntrepreneurQuotes/Supporting Files/Info.plist";
				INFOPLIST_KEY_UIApplicationSupportsIndirectInputEvents = YES;
				INFOPLIST_KEY_UILaunchStoryboardName = LaunchScreen;
				INFOPLIST_KEY_UIMainStoryboardFile = Main;
				INFOPLIST_KEY_UISupportedInterfaceOrientations_iPad = "UIInterfaceOrientationPortrait UIInterfaceOrientationPortraitUpsideDown UIInterfaceOrientationLandscapeLeft UIInterfaceOrientationLandscapeRight";
				INFOPLIST_KEY_UISupportedInterfaceOrientations_iPhone = "UIInterfaceOrientationPortrait UIInterfaceOrientationLandscapeLeft UIInterfaceOrientationLandscapeRight";
				LD_RUNPATH_SEARCH_PATHS = (
					"$(inherited)",
					"@executable_path/Frameworks",
				);
				MARKETING_VERSION = 1.0;
				PRODUCT_BUNDLE_IDENTIFIER = "Peon-Digital.EntrepreneurQuotes";
				PRODUCT_NAME = "$(TARGET_NAME)";
				SWIFT_EMIT_LOC_STRINGS = YES;
				SWIFT_VERSION = 5.0;
				TARGETED_DEVICE_FAMILY = "1,2";
			};
			name = Debug;
		};
		C110AA332900C6CE00CBFB9A /* Release */ = {
			isa = XCBuildConfiguration;
			buildSettings = {
				ASSETCATALOG_COMPILER_APPICON_NAME = AppIcon;
				ASSETCATALOG_COMPILER_GLOBAL_ACCENT_COLOR_NAME = AccentColor;
				CODE_SIGN_STYLE = Automatic;
				CURRENT_PROJECT_VERSION = 1;
				DEVELOPMENT_TEAM = 4FT83F7673;
				GENERATE_INFOPLIST_FILE = YES;
				INFOPLIST_FILE = "EntrepreneurQuotes/Supporting Files/Info.plist";
				INFOPLIST_KEY_UIApplicationSupportsIndirectInputEvents = YES;
				INFOPLIST_KEY_UILaunchStoryboardName = LaunchScreen;
				INFOPLIST_KEY_UIMainStoryboardFile = Main;
				INFOPLIST_KEY_UISupportedInterfaceOrientations_iPad = "UIInterfaceOrientationPortrait UIInterfaceOrientationPortraitUpsideDown UIInterfaceOrientationLandscapeLeft UIInterfaceOrientationLandscapeRight";
				INFOPLIST_KEY_UISupportedInterfaceOrientations_iPhone = "UIInterfaceOrientationPortrait UIInterfaceOrientationLandscapeLeft UIInterfaceOrientationLandscapeRight";
				LD_RUNPATH_SEARCH_PATHS = (
					"$(inherited)",
					"@executable_path/Frameworks",
				);
				MARKETING_VERSION = 1.0;
				PRODUCT_BUNDLE_IDENTIFIER = "Peon-Digital.EntrepreneurQuotes";
				PRODUCT_NAME = "$(TARGET_NAME)";
				SWIFT_EMIT_LOC_STRINGS = YES;
				SWIFT_VERSION = 5.0;
				TARGETED_DEVICE_FAMILY = "1,2";
			};
			name = Release;
		};
/* End XCBuildConfiguration section */

/* Begin XCConfigurationList section */
		C110AA182900C6CD00CBFB9A /* Build configuration list for PBXProject "EntrepreneurQuotes" */ = {
			isa = XCConfigurationList;
			buildConfigurations = (
				C110AA2F2900C6CE00CBFB9A /* Debug */,
				C110AA302900C6CE00CBFB9A /* Release */,
			);
			defaultConfigurationIsVisible = 0;
			defaultConfigurationName = Release;
		};
		C110AA312900C6CE00CBFB9A /* Build configuration list for PBXNativeTarget "EntrepreneurQuotes" */ = {
			isa = XCConfigurationList;
			buildConfigurations = (
				C110AA322900C6CE00CBFB9A /* Debug */,
				C110AA332900C6CE00CBFB9A /* Release */,
			);
			defaultConfigurationIsVisible = 0;
			defaultConfigurationName = Release;
		};
/* End XCConfigurationList section */
	};
	rootObject = C110AA152900C6CD00CBFB9A /* Project object */;
}
